lockfileVersion: '9.0'

settings:
  autoInstallPeers: true
  excludeLinksFromLockfile: false

importers:

  .:
    devDependencies:
      '@tauri-apps/cli':
        specifier: ^2.0.0
        version: 2.11.3

packages:

  '@tauri-apps/cli-darwin-arm64@2.11.3':
    resolution: {integrity: sha512-BxpaM8bsCoXs3wd4WKYhas/G1gs7+r7B+e4WnyRk2GEoVOouJB1hoL6E6YLXZDXbYci6VFdrNnobQwd2uVL4ew==}
    engines: {node: '>= 10'}
    cpu: [arm64]
    os: [darwin]

  '@tauri-apps/cli-darwin-x64@2.11.3':
    resolution: {integrity: sha512-DbZYuPB1ZEzcAHYeyCvo3ltzM27+aXwPloCrtexPnmgPgulYJm3TOq6aC4S+wPhSXteddg8zImtNkvx/gQzmwg==}
    engines: {node: '>= 10'}
    cpu: [x64]
    os: [darwin]

  '@tauri-apps/cli-linux-arm-gnueabihf@2.11.3':
    resolution: {integrity: sha512-741NduqBmz1XkdU8yz3OI/kBZtqHbvxo9F9ytIeWYU69/Ba9dcZEbqOU++Dp0G/XU8vAI0TfTywEl+p+BbLvaA==}
    engines: {node: '>= 10'}
    cpu: [arm]
    os: [linux]

  '@tauri-apps/cli-linux-arm64-gnu@2.11.3':
    resolution: {integrity: sha512-RWAXT8pTqIczXcoic+LXlo6uEbAXGB0cgh6Pg7Y9xVnEbzryQ1JHtRGj9SxzrKSemBIDBH6Qc24kK2G69i8ofA==}
    engines: {node: '>= 10'}
    cpu: [arm64]
    os: [linux]
    libc: [glibc]

  '@tauri-apps/cli-linux-arm64-musl@2.11.3':
    resolution: {integrity: sha512-qomqYS+yAkd0gXMRmhguWXc7RfVN+XKKXaEwbf5QmKURwydLFOTldd6F8/WoZDSsBMrV8dpNxz0YneGLmobiSA==}
    engines: {node: '>= 10'}
    cpu: [arm64]
    os: [linux]
    libc: [musl]

  '@tauri-apps/cli-linux-riscv64-gnu@2.11.3':
    resolution: {integrity: sha512-jOCXbDqeDj5XcclsOBAaXjtTgwZCVg8zEZ+dbPUCoADOgljFgL0rOkYTc96vUYgOrYEfuHYihWMxIDGaD6GwJw==}
    engines: {node: '>= 10'}
    cpu: [riscv64]
    os: [linux]
    libc: [glibc]

  '@tauri-apps/cli-linux-x64-gnu@2.11.3':
    resolution: {integrity: sha512-+u3HO/F3gHwL48t9gWN/urqZvpaEJzBFmTaq5eSIhvy8TOvnhb+LgJr3Q3BG+5JxuBrCUjqtOEz6gMttdJFSBA==}
    engines: {node: '>= 10'}
    cpu: [x64]
    os: [linux]
    libc: [glibc]

  '@tauri-apps/cli-linux-x64-musl@2.11.3':
    resolution: {integrity: sha512-spr5Jpr6KF/vehkLwJ0YmdGv8QwpWU+uw7J8bgijO0sox6ZCYsSNMbcsQjTqPi4xl+p0woIYpWXgChgHYpAc8g==}
    engines: {node: '>= 10'}
    cpu: [x64]
    os: [linux]
    libc: [musl]

  '@tauri-apps/cli-win32-arm64-msvc@2.11.3':
    resolution: {integrity: sha512-abkoRQih5xBa3vz2spWaex0kP/MzVzVPQHom2f8jnCq46R/luOD6Uy85EMU9/bfzf6ZzdorWJsgO+OMX90Fx2w==}
    engines: {node: '>= 10'}
    cpu: [arm64]
    os: [win32]

  '@tauri-apps/cli-win32-ia32-msvc@2.11.3':
    resolution: {integrity: sha512-Vy6AvzFm1G40hg3r+OYDB3jkuu7R4wnMzbQBKuun9v6Cgg8IierpLL7toMzrZKs/8NlG8Sg4x1iLFR52oknyHg==}
    engines: {node: '>= 10'}
    cpu: [ia32]
    os: [win32]

  '@tauri-apps/cli-win32-x64-msvc@2.11.3':
    resolution: {integrity: sha512-GlciF75GdbseajOyib2aCHwE3BXIqZ1liGKWLFRvCdN5wm8h8hFssEVKQ/6E+2jsMLg9v7LCTb983YFnn0QSww==}
    engines: {node: '>= 10'}
    cpu: [x64]
    os: [win32]

  '@tauri-apps/cli@2.11.3':
    resolution: {integrity: sha512-EElQe8z8uD7Pi5++tJ/UfEwWuK08rd3oCDYdeIbJAb6pZRrxlqmoF5gh5H5YvzmUPhS4IRCaLSsQhvWkrfK+GQ==}
    engines: {node: '>= 10'}
    hasBin: true

snapshots:

  '@tauri-apps/cli-darwin-arm64@2.11.3':
    optional: true

  '@tauri-apps/cli-darwin-x64@2.11.3':
    optional: true

  '@tauri-apps/cli-linux-arm-gnueabihf@2.11.3':
    optional: true

  '@tauri-apps/cli-linux-arm64-gnu@2.11.3':
    optional: true

  '@tauri-apps/cli-linux-arm64-musl@2.11.3':
    optional: true

  '@tauri-apps/cli-linux-riscv64-gnu@2.11.3':
    optional: true

  '@tauri-apps/cli-linux-x64-gnu@2.11.3':
    optional: true

  '@tauri-apps/cli-linux-x64-musl@2.11.3':
    optional: true

  '@tauri-apps/cli-win32-arm64-msvc@2.11.3':
    optional: true

  '@tauri-apps/cli-win32-ia32-msvc@2.11.3':
    optional: true

  '@tauri-apps/cli-win32-x64-msvc@2.11.3':
    optional: true

  '@tauri-apps/cli@2.11.3':
    optionalDependencies:
      '@tauri-apps/cli-darwin-arm64': 2.11.3
      '@tauri-apps/cli-darwin-x64': 2.11.3
      '@tauri-apps/cli-linux-arm-gnueabihf': 2.11.3
      '@tauri-apps/cli-linux-arm64-gnu': 2.11.3
      '@tauri-apps/cli-linux-arm64-musl': 2.11.3
      '@tauri-apps/cli-linux-riscv64-gnu': 2.11.3
      '@tauri-apps/cli-linux-x64-gnu': 2.11.3
      '@tauri-apps/cli-linux-x64-musl': 2.11.3
      '@tauri-apps/cli-win32-arm64-msvc': 2.11.3
      '@tauri-apps/cli-win32-ia32-msvc': 2.11.3
      '@tauri-apps/cli-win32-x64-msvc': 2.11.3
